# THIS IS AN AUTOGENERATED FILE. DO NOT EDIT THIS FILE DIRECTLY.
# yarn lockfile v1


bootstrap-honoka@^4.1.3:
  version "4.1.3"
  resolved "https://registry.yarnpkg.com/bootstrap-honoka/-/bootstrap-honoka-4.1.3.tgz#49771f98e446bae0f04a2ef01b32e23b4793aaea"
  dependencies:
    bootstrap "4.1.3"
    jquery "1.9.1 - 3"
    popper.js "^1.14.3"

bootstrap@4.1.3:
  version "4.1.3"
  resolved "https://registry.yarnpkg.com/bootstrap/-/bootstrap-4.1.3.tgz#0eb371af2c8448e8c210411d0cb824a6409a12be"

"jquery@1.9.1 - 3":
  version "3.3.1"
  resolved "https://registry.yarnpkg.com/jquery/-/jquery-3.3.1.tgz#958ce29e81c9790f31be7792df5d4d95fc57fbca"

popper.js@^1.14.3:
  version "1.14.6"
  resolved "https://registry.yarnpkg.com/popper.js/-/popper.js-1.14.6.tgz#ab20dd4edf9288b8b3b6531c47c361107b60b4b0"
